<?xml version="1.0" encoding="utf-8"?>
<Project ToolsVersion="4.0" xmlns="http://schemas.microsoft.com/developer/msbuild/2003">
  <ItemGroup>
    <Filter Include="Исходные файлы">
      <UniqueIdentifier>{4FC737F1-C7A5-4376-A066-2A32D752A2FF}</UniqueIdentifier>
      <Extensions>cpp;c;cc;cxx;c++;cppm;ixx;def;odl;idl;hpj;bat;asm;asmx</Extensions>
    </Filter>
    <Filter Include="Файлы заголовков">
      <UniqueIdentifier>{93995380-89BD-4b04-88EB-625FBE52EBFB}</UniqueIdentifier>
      <Extensions>h;hh;hpp;hxx;h++;hm;inl;inc;ipp;xsd</Extensions>
    </Filter>
    <Filter Include="Файлы ресурсов">
      <UniqueIdentifier>{67DA6AB6-F800-4c08-8B7A-83BB121AAD01}</UniqueIdentifier>
      <Extensions>rc;ico;cur;bmp;dlg;rc2;rct;bin;rgs;gif;jpg;jpeg;jpe;resx;tiff;tif;png;wav;mfcribbon-ms</Extensions>
    </Filter>
    <Filter Include="Файлы заголовков\External">
      <UniqueIdentifier>{c80a31d6-5f15-438d-b8b6-fc9edb1c7a05}</UniqueIdentifier>
    </Filter>
    <Filter Include="Файлы ресурсов\External">
      <UniqueIdentifier>{f6ffa468-ef9c-4552-8af3-13e61ebb0dd7}</UniqueIdentifier>
    </Filter>
    <Filter Include="Файлы заголовков\Components">
      <UniqueIdentifier>{41b67a76-93b1-4061-b1d5-9626ed7caf76}</UniqueIdentifier>
    </Filter>
    <Filter Include="Файлы заголовков\Framework">
      <UniqueIdentifier>{2380672f-1461-4d18-9dc6-41e59d24bafc}</UniqueIdentifier>
    </Filter>
    <Filter Include="Файлы ресурсов\Components">
      <UniqueIdentifier>{5bc61be8-3c9f-4b78-a108-de47d5343f22}</UniqueIdentifier>
    </Filter>
    <Filter Include="Файлы ресурсов\Framework">
      <UniqueIdentifier>{0777d5a6-95de-4f57-b355-8fe494c8a9aa}</UniqueIdentifier>
    </Filter>
  </ItemGroup>
  <ItemGroup>
    <ClCompile Include="Game.cpp">
      <Filter>Файлы ресурсов</Filter>
    </ClCompile>
    <ClCompile Include="main.cpp">
      <Filter>Файлы ресурсов</Filter>
    </ClCompile>
    <ClCompile Include="Camera.cpp">
      <Filter>Файлы ресурсов</Filter>
    </ClCompile>
    <ClCompile Include="SimpleMath.cpp">
      <Filter>Файлы ресурсов\External</Filter>
    </ClCompile>
    <ClCompile Include="BallComponent.cpp">
      <Filter>Файлы ресурсов\Components</Filter>
    </ClCompile>
    <ClCompile Include="CubeComponent.cpp">
      <Filter>Файлы ресурсов\Components</Filter>
    </ClCompile>
    <ClCompile Include="GameComponent.cpp">
      <Filter>Файлы ресурсов\Components</Filter>
    </ClCompile>
    <ClCompile Include="GroundComponent.cpp">
      <Filter>Файлы ресурсов\Components</Filter>
    </ClCompile>
    <ClCompile Include="SphereComponent.cpp">
      <Filter>Файлы ресурсов\Components</Filter>
    </ClCompile>
    <ClCompile Include="InputDevie.cpp">
      <Filter>Файлы ресурсов\Framework</Filter>
    </ClCompile>
    <ClCompile Include="DisplayWin32.cpp">
      <Filter>Файлы ресурсов\Framework</Filter>
    </ClCompile>
    <ClCompile Include="ModelComponent.cpp">
      <Filter>Файлы ресурсов\Components</Filter>
    </ClCompile>
  </ItemGroup>
  <ItemGroup>
    <ClInclude Include="Game.h">
      <Filter>Файлы заголовков</Filter>
    </ClInclude>
    <ClInclude Include="Camera.h">
      <Filter>Файлы заголовков</Filter>
    </ClInclude>
    <ClInclude Include="SimpleMath.h">
      <Filter>Файлы заголовков\External</Filter>
    </ClInclude>
    <ClInclude Include="pch.h">
      <Filter>Файлы заголовков\External</Filter>
    </ClInclude>
    <ClInclude Include="BallComponent.h">
      <Filter>Файлы заголовков\Components</Filter>
    </ClInclude>
    <ClInclude Include="CubeComponent.h">
      <Filter>Файлы заголовков\Components</Filter>
    </ClInclude>
    <ClInclude Include="GameComponent.h">
      <Filter>Файлы заголовков\Components</Filter>
    </ClInclude>
    <ClInclude Include="GroundComponent.h">
      <Filter>Файлы заголовков\Components</Filter>
    </ClInclude>
    <ClInclude Include="SphereComponent.h">
      <Filter>Файлы заголовков\Components</Filter>
    </ClInclude>
    <ClInclude Include="OrbitSphere.h">
      <Filter>Файлы заголовков\Components</Filter>
    </ClInclude>
    <ClInclude Include="DisplayWin32.h">
      <Filter>Файлы заголовков\Framework</Filter>
    </ClInclude>
    <ClInclude Include="InputDevice.h">
      <Filter>Файлы заголовков\Framework</Filter>
    </ClInclude>
    <ClInclude Include="ModelComponent.h">
      <Filter>Файлы заголовков\Components</Filter>
    </ClInclude>
  </ItemGroup>
  <ItemGroup>
    <None Include="packages.config" />
  </ItemGroup>
</Project>